
Microsoft Visual Studio Solution File, Format Version 12.00
# Visual Studio Version 16
VisualStudioVersion = 16.0.31019.35
MinimumVisualStudioVersion = 10.0.40219.1
Project("{FAE04EC0-301F-11D3-BF4B-00C04F79EFBC}") = "BookMS", "BookMS.csproj", "{E0342B99-71A3-4CF7-AFEB-DAA113F32784}"
EndProject
Global
	GlobalSection(SolutionConfigurationPlatforms) = preSolution
		Debug|Any CPU = Debug|Any CPU
		Release|Any CPU = Release|Any CPU
	EndGlobalSection
	GlobalSection(ProjectConfigurationPlatforms) = postSolution
		{E0342B99-71A3-4CF7-AFEB-DAA113F32784}.Debug|Any CPU.ActiveCfg = Debug|Any CPU
		{E0342B99-71A3-4CF7-AFEB-DAA113F32784}.Debug|Any CPU.Build.0 = Debug|Any CPU
		{E0342B99-71A3-4CF7-AFEB-DAA113F32784}.Release|Any CPU.ActiveCfg = Release|Any CPU
		{E0342B99-71A3-4CF7-AFEB-DAA113F32784}.Release|Any CPU.Build.0 = Release|Any CPU
	EndGlobalSection
	GlobalSection(SolutionProperties) = preSolution
		HideSolutionNode = FALSE
	EndGlobalSection
	GlobalSection(ExtensibilityGlobals) = postSolution
		SolutionGuid = {28DF703D-86DB-4450-B525-2F57ED92D71F}
	EndGlobalSection
EndGlobal
